
Microsoft Visual Studio Solution File, Format Version 12.00
# Visual Studio Version 16
VisualStudioVersion = 16.0.30330.147
MinimumVisualStudioVersion = 10.0.40219.1
Project("{FAE04EC0-301F-11D3-BF4B-00C04F79EFBC}") = "wsm", "wsm.csproj", "{08480F08-0C71-4655-9DA8-732F132A2D3B}"
EndProject
Global
	GlobalSection(SolutionConfigurationPlatforms) = preSolution
		Debug|Any CPU = Debug|Any CPU
		Debug|x64 = Debug|x64
		Release|Any CPU = Release|Any CPU
		Release|x64 = Release|x64
	EndGlobalSection
	GlobalSection(ProjectConfigurationPlatforms) = postSolution
		{08480F08-0C71-4655-9DA8-732F132A2D3B}.Debug|Any CPU.ActiveCfg = Debug|Any CPU
		{08480F08-0C71-4655-9DA8-732F132A2D3B}.Debug|Any CPU.Build.0 = Debug|Any CPU
		{08480F08-0C71-4655-9DA8-732F132A2D3B}.Debug|x64.ActiveCfg = Debug|x64
		{08480F08-0C71-4655-9DA8-732F132A2D3B}.Debug|x64.Build.0 = Debug|x64
		{08480F08-0C71-4655-9DA8-732F132A2D3B}.Release|Any CPU.ActiveCfg = Release|Any CPU
		{08480F08-0C71-4655-9DA8-732F132A2D3B}.Release|Any CPU.Build.0 = Release|Any CPU
		{08480F08-0C71-4655-9DA8-732F132A2D3B}.Release|x64.ActiveCfg = Release|x64
		{08480F08-0C71-4655-9DA8-732F132A2D3B}.Release|x64.Build.0 = Release|x64
	EndGlobalSection
	GlobalSection(SolutionProperties) = preSolution
		HideSolutionNode = FALSE
	EndGlobalSection
	GlobalSection(ExtensibilityGlobals) = postSolution
		SolutionGuid = {D5F15C56-D361-470C-8758-ACE9DAE7DCF1}
	EndGlobalSection
EndGlobal
